<?xml version="1.0" encoding="utf-8"?>
<Project ToolsVersion="4.0" xmlns="http://schemas.microsoft.com/developer/msbuild/2003">
  <ItemGroup>
    <Filter Include="Source Files">
      <UniqueIdentifier>{4FC737F1-C7A5-4376-A066-2A32D752A2FF}</UniqueIdentifier>
      <Extensions>cpp;c;cc;cxx;c++;cppm;ixx;def;odl;idl;hpj;bat;asm;asmx</Extensions>
    </Filter>
    <Filter Include="Header Files">
      <UniqueIdentifier>{93995380-89BD-4b04-88EB-625FBE52EBFB}</UniqueIdentifier>
      <Extensions>h;hh;hpp;hxx;h++;hm;inl;inc;ipp;xsd</Extensions>
    </Filter>
    <Filter Include="Resource Files">
      <UniqueIdentifier>{67DA6AB6-F800-4c08-8B7A-83BB121AAD01}</UniqueIdentifier>
      <Extensions>rc;ico;cur;bmp;dlg;rc2;rct;bin;rgs;gif;jpg;jpeg;jpe;resx;tiff;tif;png;wav;mfcribbon-ms</Extensions>
    </Filter>
  </ItemGroup>
  <ItemGroup>
    <ClInclude Include="include\hiphop\core\stream.h">
      <Filter>Header Files</Filter>
    </ClInclude>
    <ClInclude Include="include\hiphop\core\file_stream.h">
      <Filter>Header Files</Filter>
    </ClInclude>
    <ClInclude Include="include\hiphop\core\memory_stream.h">
      <Filter>Header Files</Filter>
    </ClInclude>
    <ClInclude Include="include\hiphop\core\file.h">
      <Filter>Header Files</Filter>
    </ClInclude>
    <ClInclude Include="include\hiphop.h">
      <Filter>Header Files</Filter>
    </ClInclude>
    <ClInclude Include="include\hiphop\core\util.h">
      <Filter>Header Files</Filter>
    </ClInclude>
    <ClInclude Include="include\hiphop\core\endian.h">
      <Filter>Header Files</Filter>
    </ClInclude>
    <ClInclude Include="include\hiphop\core\platforms.h">
      <Filter>Header Files</Filter>
    </ClInclude>
    <ClInclude Include="include\hiphop\core\regions.h">
      <Filter>Header Files</Filter>
    </ClInclude>
    <ClInclude Include="include\hiphop\core\games.h">
      <Filter>Header Files</Filter>
    </ClInclude>
    <ClInclude Include="include\hiphop\core\languages.h">
      <Filter>Header Files</Filter>
    </ClInclude>
    <ClInclude Include="include\hiphop\core\asset.h">
      <Filter>Header Files</Filter>
    </ClInclude>
    <ClInclude Include="include\hiphop\core\layer.h">
      <Filter>Header Files</Filter>
    </ClInclude>
    <ClInclude Include="include\hiphop\core\asset_types.h">
      <Filter>Header Files</Filter>
    </ClInclude>
    <ClInclude Include="include\hiphop\core\layer_types.h">
      <Filter>Header Files</Filter>
    </ClInclude>
    <ClInclude Include="include\hiphop\assets\counter_asset.h">
      <Filter>Header Files</Filter>
    </ClInclude>
    <ClInclude Include="include\hiphop_bfbb.h">
      <Filter>Header Files</Filter>
    </ClInclude>
    <ClInclude Include="include\hiphop\assets\timer_asset.h">
      <Filter>Header Files</Filter>
    </ClInclude>
    <ClInclude Include="include\hiphop\core\math.h">
      <Filter>Header Files</Filter>
    </ClInclude>
    <ClInclude Include="include\hiphop\core\events.h">
      <Filter>Header Files</Filter>
    </ClInclude>
    <ClInclude Include="include\hiphop\core\base_asset.h">
      <Filter>Header Files</Filter>
    </ClInclude>
    <ClInclude Include="include\hiphop\core\base_types.h">
      <Filter>Header Files</Filter>
    </ClInclude>
    <ClInclude Include="include\hiphop\core\link_asset.h">
      <Filter>Header Files</Filter>
    </ClInclude>
    <ClInclude Include="include\hiphop\core\dyna_asset.h">
      <Filter>Header Files</Filter>
    </ClInclude>
    <ClInclude Include="include\hiphop\assets\dyna\taxi_asset.h">
      <Filter>Header Files</Filter>
    </ClInclude>
    <ClInclude Include="include\hiphop\assets\dyna\teleport_asset.h">
      <Filter>Header Files</Filter>
    </ClInclude>
    <ClInclude Include="include\hiphop\assets\dyna\pointer_asset.h">
      <Filter>Header Files</Filter>
    </ClInclude>
    <ClInclude Include="include\hiphop\assets\dyna\bus_stop_asset.h">
      <Filter>Header Files</Filter>
    </ClInclude>
    <ClInclude Include="include\hiphop\assets\text_asset.h">
      <Filter>Header Files</Filter>
    </ClInclude>
    <ClInclude Include="include\hiphop\assets\dispatcher_asset.h">
      <Filter>Header Files</Filter>
    </ClInclude>
    <ClInclude Include="include\hiphop\core\ent_asset.h">
      <Filter>Header Files</Filter>
    </ClInclude>
    <ClInclude Include="include\hiphop\assets\player_asset.h">
      <Filter>Header Files</Filter>
    </ClInclude>
    <ClInclude Include="include\hiphop\assets\portal_asset.h">
      <Filter>Header Files</Filter>
    </ClInclude>
    <ClInclude Include="include\hiphop\assets\anim_list_asset.h">
      <Filter>Header Files</Filter>
    </ClInclude>
    <ClInclude Include="include\hiphop\assets\anim_asset.h">
      <Filter>Header Files</Filter>
    </ClInclude>
    <ClInclude Include="include\hiphop\core\default_asset.h">
      <Filter>Header Files</Filter>
    </ClInclude>
    <ClInclude Include="include\hiphop\assets\anim_table_asset.h">
      <Filter>Header Files</Filter>
    </ClInclude>
    <ClInclude Include="include\hiphop\assets\attack_table_asset.h">
      <Filter>Header Files</Filter>
    </ClInclude>
    <ClInclude Include="include\hiphop\assets\bink_asset.h">
      <Filter>Header Files</Filter>
    </ClInclude>
    <ClInclude Include="include\hiphop\assets\boulder_asset.h">
      <Filter>Header Files</Filter>
    </ClInclude>
    <ClInclude Include="include\hiphop\core\renderware_asset.h">
      <Filter>Header Files</Filter>
    </ClInclude>
    <ClInclude Include="include\hiphop\assets\model_asset.h">
      <Filter>Header Files</Filter>
    </ClInclude>
    <ClInclude Include="include\hiphop\assets\texture_asset.h">
      <Filter>Header Files</Filter>
    </ClInclude>
    <ClInclude Include="include\hiphop\assets\jsp_asset.h">
      <Filter>Header Files</Filter>
    </ClInclude>
    <ClInclude Include="include\hiphop\assets\bsp_asset.h">
      <Filter>Header Files</Filter>
    </ClInclude>
    <ClInclude Include="include\hiphop\assets\button_asset.h">
      <Filter>Header Files</Filter>
    </ClInclude>
    <ClInclude Include="include\hiphop\core\motion_asset.h">
      <Filter>Header Files</Filter>
    </ClInclude>
    <ClInclude Include="include\hiphop\assets\cam_asset.h">
      <Filter>Header Files</Filter>
    </ClInclude>
    <ClInclude Include="include\hiphop\assets\camera_curve_asset.h">
      <Filter>Header Files</Filter>
    </ClInclude>
    <ClInclude Include="include\hiphop\assets\coll_table_asset.h">
      <Filter>Header Files</Filter>
    </ClInclude>
    <ClInclude Include="include\hiphop\assets\cond_asset.h">
      <Filter>Header Files</Filter>
    </ClInclude>
    <ClInclude Include="include\hiphop\assets\credits_asset.h">
      <Filter>Header Files</Filter>
    </ClInclude>
    <ClInclude Include="include\hiphop\assets\cutscene_asset.h">
      <Filter>Header Files</Filter>
    </ClInclude>
    <ClInclude Include="include\hiphop\assets\cutscene_mgr_asset.h">
      <Filter>Header Files</Filter>
    </ClInclude>
    <ClInclude Include="include\hiphop\assets\cutscene_toc_asset.h">
      <Filter>Header Files</Filter>
    </ClInclude>
    <ClInclude Include="include\hiphop\assets\disco_floor_asset.h">
      <Filter>Header Files</Filter>
    </ClInclude>
    <ClInclude Include="include\hiphop\assets\destruct_obj_asset.h">
      <Filter>Header Files</Filter>
    </ClInclude>
    <ClInclude Include="include\hiphop\assets\egen_asset.h">
      <Filter>Header Files</Filter>
    </ClInclude>
    <ClInclude Include="include\hiphop\assets\env_asset.h">
      <Filter>Header Files</Filter>
    </ClInclude>
    <ClInclude Include="include\hiphop\assets\fly_asset.h">
      <Filter>Header Files</Filter>
    </ClInclude>
    <ClInclude Include="include\hiphop\assets\cutscene_streaming_sound_asset.h">
      <Filter>Header Files</Filter>
    </ClInclude>
    <ClInclude Include="include\hiphop\assets\destructible_asset.h">
      <Filter>Header Files</Filter>
    </ClInclude>
    <ClInclude Include="include\hiphop\assets\dash_track_asset.h">
      <Filter>Header Files</Filter>
    </ClInclude>
    <ClInclude Include="include\hiphop\assets\duplicator_asset.h">
      <Filter>Header Files</Filter>
    </ClInclude>
    <ClInclude Include="include\hiphop\assets\fog_asset.h">
      <Filter>Header Files</Filter>
    </ClInclude>
    <ClInclude Include="include\hiphop\assets\grass_mesh_asset.h">
      <Filter>Header Files</Filter>
    </ClInclude>
    <ClInclude Include="include\hiphop\assets\group_asset.h">
      <Filter>Header Files</Filter>
    </ClInclude>
    <ClInclude Include="include\hiphop\assets\gust_asset.h">
      <Filter>Header Files</Filter>
    </ClInclude>
    <ClInclude Include="include\hiphop\assets\hangable_asset.h">
      <Filter>Header Files</Filter>
    </ClInclude>
    <ClInclude Include="include\hiphop\assets\jaw_data_table_asset.h">
      <Filter>Header Files</Filter>
    </ClInclude>
    <ClInclude Include="include\hiphop\assets\light_asset.h">
      <Filter>Header Files</Filter>
    </ClInclude>
    <ClInclude Include="include\hiphop\assets\lightkit_asset.h">
      <Filter>Header Files</Filter>
    </ClInclude>
    <ClInclude Include="include\hiphop\assets\lobmaster_asset.h">
      <Filter>Header Files</Filter>
    </ClInclude>
    <ClInclude Include="include\hiphop\assets\lod_table_asset.h">
      <Filter>Header Files</Filter>
    </ClInclude>
    <ClInclude Include="include\hiphop\assets\material_map_asset.h">
      <Filter>Header Files</Filter>
    </ClInclude>
    <ClInclude Include="include\hiphop\assets\model_info_asset.h">
      <Filter>Header Files</Filter>
    </ClInclude>
    <ClInclude Include="include\hiphop\assets\morph_target_asset.h">
      <Filter>Header Files</Filter>
    </ClInclude>
    <ClInclude Include="include\hiphop\assets\marker_asset.h">
      <Filter>Header Files</Filter>
    </ClInclude>
    <ClInclude Include="include\hiphop\assets\move_point_asset.h">
      <Filter>Header Files</Filter>
    </ClInclude>
    <ClInclude Include="include\hiphop\assets\navigation_mesh_asset.h">
      <Filter>Header Files</Filter>
    </ClInclude>
    <ClInclude Include="include\hiphop\assets\villain_asset.h">
      <Filter>Header Files</Filter>
    </ClInclude>
    <ClInclude Include="include\hiphop\assets\npc_settings_asset.h">
      <Filter>Header Files</Filter>
    </ClInclude>
    <ClInclude Include="include\hiphop\assets\one_liner_asset.h">
      <Filter>Header Files</Filter>
    </ClInclude>
    <ClInclude Include="include\hiphop\assets\par_emitter_asset.h">
      <Filter>Header Files</Filter>
    </ClInclude>
    <ClInclude Include="include\hiphop\assets\par_emitter_props_asset.h">
      <Filter>Header Files</Filter>
    </ClInclude>
    <ClInclude Include="include\hiphop\assets\par_sys_asset.h">
      <Filter>Header Files</Filter>
    </ClInclude>
    <ClInclude Include="include\hiphop\assets\pendulum_asset.h">
      <Filter>Header Files</Filter>
    </ClInclude>
    <ClInclude Include="include\hiphop\assets\progress_script_asset.h">
      <Filter>Header Files</Filter>
    </ClInclude>
    <ClInclude Include="include\hiphop\assets\pickup_table_asset.h">
      <Filter>Header Files</Filter>
    </ClInclude>
    <ClInclude Include="include\hiphop\assets\pipe_info_table_asset.h">
      <Filter>Header Files</Filter>
    </ClInclude>
    <ClInclude Include="include\hiphop\assets\pickup_asset.h">
      <Filter>Header Files</Filter>
    </ClInclude>
    <ClInclude Include="include\hiphop\assets\platform_asset.h">
      <Filter>Header Files</Filter>
    </ClInclude>
    <ClInclude Include="include\hiphop\assets\projectile_asset.h">
      <Filter>Header Files</Filter>
    </ClInclude>
    <ClInclude Include="include\hiphop\assets\reactive_animation_table_asset.h">
      <Filter>Header Files</Filter>
    </ClInclude>
    <ClInclude Include="include\hiphop\assets\raw_asset.h">
      <Filter>Header Files</Filter>
    </ClInclude>
    <ClInclude Include="include\hiphop\assets\script_asset.h">
      <Filter>Header Files</Filter>
    </ClInclude>
    <ClInclude Include="include\hiphop\assets\sound_fx_asset.h">
      <Filter>Header Files</Filter>
    </ClInclude>
    <ClInclude Include="include\hiphop\assets\sfx_asset.h">
      <Filter>Header Files</Filter>
    </ClInclude>
    <ClInclude Include="include\hiphop\assets\sound_group_asset.h">
      <Filter>Header Files</Filter>
    </ClInclude>
    <ClInclude Include="include\hiphop\assets\simple_shadow_table_asset.h">
      <Filter>Header Files</Filter>
    </ClInclude>
    <ClInclude Include="include\hiphop\assets\shrapnel_asset.h">
      <Filter>Header Files</Filter>
    </ClInclude>
    <ClInclude Include="include\hiphop\assets\simple_obj_asset.h">
      <Filter>Header Files</Filter>
    </ClInclude>
    <ClInclude Include="include\hiphop\assets\slide_props_asset.h">
      <Filter>Header Files</Filter>
    </ClInclude>
    <ClInclude Include="include\hiphop\assets\sound_asset.h">
      <Filter>Header Files</Filter>
    </ClInclude>
    <ClInclude Include="include\hiphop\assets\sound_info_asset.h">
      <Filter>Header Files</Filter>
    </ClInclude>
    <ClInclude Include="include\hiphop\assets\streaming_sound_asset.h">
      <Filter>Header Files</Filter>
    </ClInclude>
    <ClInclude Include="include\hiphop\assets\spline_asset.h">
      <Filter>Header Files</Filter>
    </ClInclude>
    <ClInclude Include="include\hiphop\assets\spline_path_asset.h">
      <Filter>Header Files</Filter>
    </ClInclude>
    <ClInclude Include="include\hiphop\assets\scene_settings_asset.h">
      <Filter>Header Files</Filter>
    </ClInclude>
    <ClInclude Include="include\hiphop\assets\subtitles_asset.h">
      <Filter>Header Files</Filter>
    </ClInclude>
    <ClInclude Include="include\hiphop\assets\surface_asset.h">
      <Filter>Header Files</Filter>
    </ClInclude>
    <ClInclude Include="include\hiphop\assets\streaming_texture_asset.h">
      <Filter>Header Files</Filter>
    </ClInclude>
    <ClInclude Include="include\hiphop\assets\pickup_table_asset_in.h">
      <Filter>Header Files</Filter>
    </ClInclude>
    <ClInclude Include="include\hiphop\assets\trigger_asset.h">
      <Filter>Header Files</Filter>
    </ClInclude>
    <ClInclude Include="include\hiphop\assets\throwable_table_asset.h">
      <Filter>Header Files</Filter>
    </ClInclude>
    <ClInclude Include="include\hiphop\assets\ui_asset.h">
      <Filter>Header Files</Filter>
    </ClInclude>
    <ClInclude Include="include\hiphop\assets\ui_font_asset.h">
      <Filter>Header Files</Filter>
    </ClInclude>
    <ClInclude Include="include\hiphop\assets\ui_motion_asset.h">
      <Filter>Header Files</Filter>
    </ClInclude>
    <ClInclude Include="include\hiphop\assets\npc_asset.h">
      <Filter>Header Files</Filter>
    </ClInclude>
    <ClInclude Include="include\hiphop\assets\npc_props_asset.h">
      <Filter>Header Files</Filter>
    </ClInclude>
    <ClInclude Include="include\hiphop\assets\volume_asset.h">
      <Filter>Header Files</Filter>
    </ClInclude>
    <ClInclude Include="include\hiphop\assets\wireframe_asset.h">
      <Filter>Header Files</Filter>
    </ClInclude>
    <ClInclude Include="include\hiphop\assets\zip_line_asset.h">
      <Filter>Header Files</Filter>
    </ClInclude>
    <ClInclude Include="include\hiphop_scooby.h">
      <Filter>Header Files</Filter>
    </ClInclude>
    <ClInclude Include="include\hiphop_tssm.h">
      <Filter>Header Files</Filter>
    </ClInclude>
    <ClInclude Include="include\hiphop_incredibles.h">
      <Filter>Header Files</Filter>
    </ClInclude>
    <ClInclude Include="include\hiphop_rotu.h">
      <Filter>Header Files</Filter>
    </ClInclude>
    <ClInclude Include="include\hiphop\core\asset_editor.h">
      <Filter>Header Files</Filter>
    </ClInclude>
    <ClInclude Include="include\hiphop_assets.h">
      <Filter>Header Files</Filter>
    </ClInclude>
  </ItemGroup>
  <ItemGroup>
    <ClCompile Include="src\core\stream.cpp">
      <Filter>Source Files</Filter>
    </ClCompile>
    <ClCompile Include="src\core\file_stream.cpp">
      <Filter>Source Files</Filter>
    </ClCompile>
    <ClCompile Include="src\core\memory_stream.cpp">
      <Filter>Source Files</Filter>
    </ClCompile>
    <ClCompile Include="src\core\file.cpp">
      <Filter>Source Files</Filter>
    </ClCompile>
    <ClCompile Include="src\core\asset.cpp">
      <Filter>Source Files</Filter>
    </ClCompile>
    <ClCompile Include="src\core\layer.cpp">
      <Filter>Source Files</Filter>
    </ClCompile>
    <ClCompile Include="src\assets\counter_asset.cpp">
      <Filter>Source Files</Filter>
    </ClCompile>
    <ClCompile Include="src\core\link_asset.cpp">
      <Filter>Source Files</Filter>
    </ClCompile>
    <ClCompile Include="src\core\base_asset.cpp">
      <Filter>Source Files</Filter>
    </ClCompile>
    <ClCompile Include="src\assets\timer_asset.cpp">
      <Filter>Source Files</Filter>
    </ClCompile>
    <ClCompile Include="src\core\dyna_asset.cpp">
      <Filter>Source Files</Filter>
    </ClCompile>
    <ClCompile Include="src\assets\dyna\taxi_asset.cpp">
      <Filter>Source Files</Filter>
    </ClCompile>
    <ClCompile Include="src\assets\dyna\teleport_asset.cpp">
      <Filter>Source Files</Filter>
    </ClCompile>
    <ClCompile Include="src\assets\dyna\bus_stop_asset.cpp">
      <Filter>Source Files</Filter>
    </ClCompile>
    <ClCompile Include="src\assets\dyna\pointer_asset.cpp">
      <Filter>Source Files</Filter>
    </ClCompile>
    <ClCompile Include="src\assets\text_asset.cpp">
      <Filter>Source Files</Filter>
    </ClCompile>
    <ClCompile Include="src\assets\dispatcher_asset.cpp">
      <Filter>Source Files</Filter>
    </ClCompile>
    <ClCompile Include="src\core\ent_asset.cpp">
      <Filter>Source Files</Filter>
    </ClCompile>
    <ClCompile Include="src\assets\player_asset.cpp">
      <Filter>Source Files</Filter>
    </ClCompile>
    <ClCompile Include="src\assets\portal_asset.cpp">
      <Filter>Source Files</Filter>
    </ClCompile>
    <ClCompile Include="src\assets\anim_list_asset.cpp">
      <Filter>Source Files</Filter>
    </ClCompile>
    <ClCompile Include="src\assets\boulder_asset.cpp">
      <Filter>Source Files</Filter>
    </ClCompile>
    <ClCompile Include="src\core\renderware_asset.cpp">
      <Filter>Source Files</Filter>
    </ClCompile>
    <ClCompile Include="src\assets\model_asset.cpp">
      <Filter>Source Files</Filter>
    </ClCompile>
    <ClCompile Include="src\assets\texture_asset.cpp">
      <Filter>Source Files</Filter>
    </ClCompile>
    <ClCompile Include="src\assets\jsp_asset.cpp">
      <Filter>Source Files</Filter>
    </ClCompile>
    <ClCompile Include="src\assets\bsp_asset.cpp">
      <Filter>Source Files</Filter>
    </ClCompile>
    <ClCompile Include="src\assets\button_asset.cpp">
      <Filter>Source Files</Filter>
    </ClCompile>
    <ClCompile Include="src\core\motion_asset.cpp">
      <Filter>Source Files</Filter>
    </ClCompile>
    <ClCompile Include="src\assets\cam_asset.cpp">
      <Filter>Source Files</Filter>
    </ClCompile>
    <ClCompile Include="src\assets\coll_table_asset.cpp">
      <Filter>Source Files</Filter>
    </ClCompile>
    <ClCompile Include="src\assets\cond_asset.cpp">
      <Filter>Source Files</Filter>
    </ClCompile>
    <ClCompile Include="src\core\asset_editor.cpp">
      <Filter>Source Files</Filter>
    </ClCompile>
    <ClCompile Include="src\assets\fog_asset.cpp">
      <Filter>Source Files</Filter>
    </ClCompile>
    <ClCompile Include="src\assets\env_asset.cpp">
      <Filter>Source Files</Filter>
    </ClCompile>
    <ClCompile Include="src\assets\marker_asset.cpp">
      <Filter>Source Files</Filter>
    </ClCompile>
    <ClCompile Include="src\assets\group_asset.cpp">
      <Filter>Source Files</Filter>
    </ClCompile>
    <ClCompile Include="src\assets\simple_obj_asset.cpp">
      <Filter>Source Files</Filter>
    </ClCompile>
    <ClCompile Include="src\assets\lightkit_asset.cpp">
      <Filter>Source Files</Filter>
    </ClCompile>
    <ClCompile Include="src\assets\platform_asset.cpp">
      <Filter>Source Files</Filter>
    </ClCompile>
  </ItemGroup>
</Project>